{
  "version": 4,
  "terraform_version": "1.3.4",
  "serial": 40,
  "lineage": "ecacd8e2-42d0-01a5-28c9-2414d50c2647",
  "outputs": {},
  "resources": [
    {
      "mode": "data",
      "type": "aws_ami",
      "name": "amazon-linux",
      "provider": "provider[\"registry.terraform.io/hashicorp/aws\"]",
      "instances": [
        {
          "schema_version": 0,
          "attributes": {
            "architecture": "x86_64",
            "arn": "arn:aws:ec2:us-east-1::image/ami-0fec9a6d5b114fb0b",
            "block_device_mappings": [
              {
                "device_name": "/dev/xvda",
                "ebs": {
                  "delete_on_termination": "true",
                  "encrypted": "false",
                  "iops": "0",
                  "snapshot_id": "snap-0dbe58ccab63bea7c",
                  "throughput": "0",
                  "volume_size": "8",
                  "volume_type": "standard"
                },
                "no_device": "",
                "virtual_name": ""
              }
            ],
            "boot_mode": "",
            "creation_date": "2022-11-01T18:29:51.000Z",
            "deprecation_time": "2024-11-01T18:29:51.000Z",
            "description": "Amazon Linux AMI 2018.03.0.20221018.0 x86_64 HVM ebs",
            "ena_support": true,
            "executable_users": null,
            "filter": [
              {
                "name": "name",
                "values": [
                  "amzn-ami-hvm-*-x86_64-ebs"
                ]
              }
            ],
            "hypervisor": "xen",
            "id": "ami-0fec9a6d5b114fb0b",
            "image_id": "ami-0fec9a6d5b114fb0b",
            "image_location": "amazon/amzn-ami-hvm-2018.03.0.20221018.0-x86_64-ebs",
            "image_owner_alias": "amazon",
            "image_type": "machine",
            "imds_support": "",
            "include_deprecated": false,
            "kernel_id": "",
            "most_recent": true,
            "name": "amzn-ami-hvm-2018.03.0.20221018.0-x86_64-ebs",
            "name_regex": null,
            "owner_id": "137112412989",
            "owners": [
              "amazon"
            ],
            "platform": "",
            "platform_details": "Linux/UNIX",
            "product_codes": [],
            "public": true,
            "ramdisk_id": "",
            "root_device_name": "/dev/xvda",
            "root_device_type": "ebs",
            "root_snapshot_id": "snap-0dbe58ccab63bea7c",
            "sriov_net_support": "simple",
            "state": "available",
            "state_reason": {
              "code": "UNSET",
              "message": "UNSET"
            },
            "tags": {},
            "timeouts": null,
            "tpm_support": "",
            "usage_operation": "RunInstances",
            "virtualization_type": "hvm"
          },
          "sensitive_attributes": []
        }
      ]
    },
    {
      "mode": "data",
      "type": "aws_availability_zones",
      "name": "available",
      "provider": "provider[\"registry.terraform.io/hashicorp/aws\"]",
      "instances": [
        {
          "schema_version": 0,
          "attributes": {
            "all_availability_zones": null,
            "exclude_names": null,
            "exclude_zone_ids": null,
            "filter": null,
            "group_names": [
              "us-east-1"
            ],
            "id": "us-east-1",
            "names": [
              "us-east-1a",
              "us-east-1b",
              "us-east-1c",
              "us-east-1d",
              "us-east-1e",
              "us-east-1f"
            ],
            "state": "available",
            "timeouts": null,
            "zone_ids": [
              "use1-az1",
              "use1-az2",
              "use1-az4",
              "use1-az6",
              "use1-az3",
              "use1-az5"
            ]
          },
          "sensitive_attributes": []
        }
      ]
    },
    {
      "module": "module.modues",
      "mode": "data",
      "type": "aws_route_table",
      "name": "route_table",
      "provider": "module.modues.provider[\"registry.terraform.io/hashicorp/aws\"]",
      "instances": [
        {
          "schema_version": 0,
          "attributes": {
            "arn": "arn:aws:ec2:us-east-1:481450237232:route-table/rtb-04a811980833aa8d6",
            "associations": [
              {
                "gateway_id": "",
                "main": true,
                "route_table_association_id": "rtbassoc-0b346910a83a78436",
                "route_table_id": "rtb-04a811980833aa8d6",
                "subnet_id": ""
              }
            ],
            "filter": [
              {
                "name": "association.main",
                "values": [
                  "true"
                ]
              },
              {
                "name": "vpc-id",
                "values": [
                  "vpc-0001b65e1baefc8bd"
                ]
              }
            ],
            "gateway_id": null,
            "id": "rtb-04a811980833aa8d6",
            "owner_id": "481450237232",
            "route_table_id": "rtb-04a811980833aa8d6",
            "routes": [],
            "subnet_id": null,
            "tags": {},
            "timeouts": null,
            "vpc_id": "vpc-0001b65e1baefc8bd"
          },
          "sensitive_attributes": []
        }
      ]
    },
    {
      "module": "module.modues",
      "mode": "managed",
      "type": "aws_efs_file_system",
      "name": "efs",
      "provider": "module.modues.provider[\"registry.terraform.io/hashicorp/aws\"]",
      "instances": []
    },
    {
      "module": "module.modues",
      "mode": "managed",
      "type": "aws_efs_mount_target",
      "name": "mount",
      "provider": "module.modues.provider[\"registry.terraform.io/hashicorp/aws\"]",
      "instances": []
    },
    {
      "module": "module.modues",
      "mode": "managed",
      "type": "aws_instance",
      "name": "ec2",
      "provider": "module.modues.provider[\"registry.terraform.io/hashicorp/aws\"]",
      "instances": []
    },
    {
      "module": "module.modues",
      "mode": "managed",
      "type": "aws_key_pair",
      "name": "deployer",
      "provider": "module.modues.provider[\"registry.terraform.io/hashicorp/aws\"]",
      "instances": [
        {
          "schema_version": 1,
          "attributes": {
            "arn": "arn:aws:ec2:us-east-1:481450237232:key-pair/efs-key",
            "fingerprint": "3d:98:c7:c4:1e:55:0a:b8:30:5d:05:31:47:9a:8e:37",
            "id": "efs-key",
            "key_name": "efs-key",
            "key_name_prefix": "",
            "key_pair_id": "key-0d4ce35a85808843a",
            "key_type": "rsa",
            "public_key": "ssh-rsa AAAAB3NzaC1yc2EAAAADAQABAAABAQDQuOae+ibii/lWKBTZXku9gT0eYUOHHjFWiEJtmMsuISQwoM21QLm2ZXVPwKmOvoPUvQPmNm54qmW48XTO4Lt0DXadv/q9cPYHCxp6V2mPNPWpIFvs2rm14Rle7M6Z7otu/j8sX8OYbv+b2rEp0vwW6VVbBXyERim5muqjX/4WPFOeSFaFekUZm58cDGWlk0Ohr3riTthbx260yalOyGaOG1bbg5TX5Mw30evSSTWnNjRTz8s0i2hll8N2uuYtz7aVmY4doI7zFhFbiIRjFVLbvseHL04yrB6HOi/sN0XZQKzr6o+vDhH0mbXKuXubAh0wHqMCB1x+5YGqVJSqIdGZ",
            "tags": null,
            "tags_all": {}
          },
          "sensitive_attributes": [],
          "private": "eyJzY2hlbWFfdmVyc2lvbiI6IjEifQ==",
          "dependencies": [
            "module.modues.tls_private_key.my_key"
          ]
        }
      ]
    },
    {
      "module": "module.modues",
      "mode": "managed",
      "type": "aws_security_group",
      "name": "terramino",
      "provider": "module.modues.provider[\"registry.terraform.io/hashicorp/aws\"]",
      "instances": [
        {
          "status": "tainted",
          "schema_version": 1,
          "attributes": {
            "arn": null,
            "description": "Managed by Terraform",
            "egress": [
              {
                "cidr_blocks": [
                  "0.0.0.0/0"
                ],
                "description": "",
                "from_port": 0,
                "ipv6_cidr_blocks": [],
                "prefix_list_ids": [],
                "protocol": "-1",
                "security_groups": [],
                "self": false,
                "to_port": 0
              }
            ],
            "id": "sg-0a6bf74cec98033e0",
            "ingress": [
              {
                "cidr_blocks": [
                  "0.0.0.0/0"
                ],
                "description": "EFS mount point",
                "from_port": 2049,
                "ipv6_cidr_blocks": [],
                "prefix_list_ids": [],
                "protocol": "-1",
                "security_groups": [],
                "self": false,
                "to_port": 2049
              },
              {
                "cidr_blocks": [
                  "0.0.0.0/0"
                ],
                "description": "HTTP",
                "from_port": 80,
                "ipv6_cidr_blocks": [],
                "prefix_list_ids": [],
                "protocol": "tcp",
                "security_groups": [],
                "self": false,
                "to_port": 80
              },
              {
                "cidr_blocks": [
                  "0.0.0.0/0"
                ],
                "description": "HTTPS",
                "from_port": 443,
                "ipv6_cidr_blocks": [],
                "prefix_list_ids": [],
                "protocol": "tcp",
                "security_groups": [],
                "self": false,
                "to_port": 443
              },
              {
                "cidr_blocks": [
                  "0.0.0.0/0"
                ],
                "description": "SSH",
                "from_port": 22,
                "ipv6_cidr_blocks": [],
                "prefix_list_ids": [],
                "protocol": "tcp",
                "security_groups": [],
                "self": false,
                "to_port": 22
              }
            ],
            "name": "learn-ec2-and-rds",
            "name_prefix": null,
            "owner_id": null,
            "revoke_rules_on_delete": false,
            "tags": null,
            "tags_all": null,
            "timeouts": null,
            "vpc_id": "vpc-0001b65e1baefc8bd"
          },
          "sensitive_attributes": [],
          "private": "eyJlMmJmYjczMC1lY2FhLTExZTYtOGY4OC0zNDM2M2JjN2M0YzAiOnsiY3JlYXRlIjo2MDAwMDAwMDAwMDAsImRlbGV0ZSI6OTAwMDAwMDAwMDAwfSwic2NoZW1hX3ZlcnNpb24iOiIxIn0=",
          "dependencies": [
            "module.modues.aws_vpc.vpc"
          ]
        }
      ]
    },
    {
      "module": "module.modues",
      "mode": "managed",
      "type": "aws_subnet",
      "name": "subnet0",
      "provider": "module.modues.provider[\"registry.terraform.io/hashicorp/aws\"]",
      "instances": [
        {
          "schema_version": 1,
          "attributes": {
            "arn": "arn:aws:ec2:us-east-1:481450237232:subnet/subnet-03dc54fe0deb28e56",
            "assign_ipv6_address_on_creation": false,
            "availability_zone": "us-east-1a",
            "availability_zone_id": "use1-az1",
            "cidr_block": "10.0.1.0/24",
            "customer_owned_ipv4_pool": "",
            "enable_dns64": false,
            "enable_resource_name_dns_a_record_on_launch": false,
            "enable_resource_name_dns_aaaa_record_on_launch": false,
            "id": "subnet-03dc54fe0deb28e56",
            "ipv6_cidr_block": "",
            "ipv6_cidr_block_association_id": "",
            "ipv6_native": false,
            "map_customer_owned_ip_on_launch": false,
            "map_public_ip_on_launch": false,
            "outpost_arn": "",
            "owner_id": "481450237232",
            "private_dns_hostname_type_on_launch": "ip-name",
            "tags": null,
            "tags_all": {},
            "timeouts": null,
            "vpc_id": "vpc-0001b65e1baefc8bd"
          },
          "sensitive_attributes": [],
          "private": "eyJlMmJmYjczMC1lY2FhLTExZTYtOGY4OC0zNDM2M2JjN2M0YzAiOnsiY3JlYXRlIjo2MDAwMDAwMDAwMDAsImRlbGV0ZSI6MTIwMDAwMDAwMDAwMH0sInNjaGVtYV92ZXJzaW9uIjoiMSJ9",
          "dependencies": [
            "data.aws_availability_zones.available",
            "module.modues.aws_vpc.vpc"
          ]
        }
      ]
    },
    {
      "module": "module.modues",
      "mode": "managed",
      "type": "aws_subnet",
      "name": "subnet1",
      "provider": "module.modues.provider[\"registry.terraform.io/hashicorp/aws\"]",
      "instances": [
        {
          "schema_version": 1,
          "attributes": {
            "arn": "arn:aws:ec2:us-east-1:481450237232:subnet/subnet-0efe8be950b14a54f",
            "assign_ipv6_address_on_creation": false,
            "availability_zone": "us-east-1b",
            "availability_zone_id": "use1-az2",
            "cidr_block": "10.0.2.0/24",
            "customer_owned_ipv4_pool": "",
            "enable_dns64": false,
            "enable_resource_name_dns_a_record_on_launch": false,
            "enable_resource_name_dns_aaaa_record_on_launch": false,
            "id": "subnet-0efe8be950b14a54f",
            "ipv6_cidr_block": "",
            "ipv6_cidr_block_association_id": "",
            "ipv6_native": false,
            "map_customer_owned_ip_on_launch": false,
            "map_public_ip_on_launch": false,
            "outpost_arn": "",
            "owner_id": "481450237232",
            "private_dns_hostname_type_on_launch": "ip-name",
            "tags": null,
            "tags_all": {},
            "timeouts": null,
            "vpc_id": "vpc-0001b65e1baefc8bd"
          },
          "sensitive_attributes": [],
          "private": "eyJlMmJmYjczMC1lY2FhLTExZTYtOGY4OC0zNDM2M2JjN2M0YzAiOnsiY3JlYXRlIjo2MDAwMDAwMDAwMDAsImRlbGV0ZSI6MTIwMDAwMDAwMDAwMH0sInNjaGVtYV92ZXJzaW9uIjoiMSJ9",
          "dependencies": [
            "data.aws_availability_zones.available",
            "module.modues.aws_vpc.vpc"
          ]
        }
      ]
    },
    {
      "module": "module.modues",
      "mode": "managed",
      "type": "aws_subnet",
      "name": "subnet2",
      "provider": "module.modues.provider[\"registry.terraform.io/hashicorp/aws\"]",
      "instances": [
        {
          "schema_version": 1,
          "attributes": {
            "arn": "arn:aws:ec2:us-east-1:481450237232:subnet/subnet-0d512fed88d78f0a6",
            "assign_ipv6_address_on_creation": false,
            "availability_zone": "us-east-1c",
            "availability_zone_id": "use1-az4",
            "cidr_block": "10.0.3.0/24",
            "customer_owned_ipv4_pool": "",
            "enable_dns64": false,
            "enable_resource_name_dns_a_record_on_launch": false,
            "enable_resource_name_dns_aaaa_record_on_launch": false,
            "id": "subnet-0d512fed88d78f0a6",
            "ipv6_cidr_block": "",
            "ipv6_cidr_block_association_id": "",
            "ipv6_native": false,
            "map_customer_owned_ip_on_launch": false,
            "map_public_ip_on_launch": false,
            "outpost_arn": "",
            "owner_id": "481450237232",
            "private_dns_hostname_type_on_launch": "ip-name",
            "tags": null,
            "tags_all": {},
            "timeouts": null,
            "vpc_id": "vpc-0001b65e1baefc8bd"
          },
          "sensitive_attributes": [],
          "private": "eyJlMmJmYjczMC1lY2FhLTExZTYtOGY4OC0zNDM2M2JjN2M0YzAiOnsiY3JlYXRlIjo2MDAwMDAwMDAwMDAsImRlbGV0ZSI6MTIwMDAwMDAwMDAwMH0sInNjaGVtYV92ZXJzaW9uIjoiMSJ9",
          "dependencies": [
            "data.aws_availability_zones.available",
            "module.modues.aws_vpc.vpc"
          ]
        }
      ]
    },
    {
      "module": "module.modues",
      "mode": "managed",
      "type": "aws_subnet",
      "name": "subnet3",
      "provider": "module.modues.provider[\"registry.terraform.io/hashicorp/aws\"]",
      "instances": [
        {
          "schema_version": 1,
          "attributes": {
            "arn": "arn:aws:ec2:us-east-1:481450237232:subnet/subnet-07e30954f89e65438",
            "assign_ipv6_address_on_creation": false,
            "availability_zone": "us-east-1d",
            "availability_zone_id": "use1-az6",
            "cidr_block": "10.0.4.0/24",
            "customer_owned_ipv4_pool": "",
            "enable_dns64": false,
            "enable_resource_name_dns_a_record_on_launch": false,
            "enable_resource_name_dns_aaaa_record_on_launch": false,
            "id": "subnet-07e30954f89e65438",
            "ipv6_cidr_block": "",
            "ipv6_cidr_block_association_id": "",
            "ipv6_native": false,
            "map_customer_owned_ip_on_launch": false,
            "map_public_ip_on_launch": false,
            "outpost_arn": "",
            "owner_id": "481450237232",
            "private_dns_hostname_type_on_launch": "ip-name",
            "tags": null,
            "tags_all": {},
            "timeouts": null,
            "vpc_id": "vpc-0001b65e1baefc8bd"
          },
          "sensitive_attributes": [],
          "private": "eyJlMmJmYjczMC1lY2FhLTExZTYtOGY4OC0zNDM2M2JjN2M0YzAiOnsiY3JlYXRlIjo2MDAwMDAwMDAwMDAsImRlbGV0ZSI6MTIwMDAwMDAwMDAwMH0sInNjaGVtYV92ZXJzaW9uIjoiMSJ9",
          "dependencies": [
            "data.aws_availability_zones.available",
            "module.modues.aws_vpc.vpc"
          ]
        }
      ]
    },
    {
      "module": "module.modues",
      "mode": "managed",
      "type": "aws_vpc",
      "name": "vpc",
      "provider": "module.modues.provider[\"registry.terraform.io/hashicorp/aws\"]",
      "instances": [
        {
          "schema_version": 1,
          "attributes": {
            "arn": "arn:aws:ec2:us-east-1:481450237232:vpc/vpc-0001b65e1baefc8bd",
            "assign_generated_ipv6_cidr_block": false,
            "cidr_block": "10.0.0.0/16",
            "default_network_acl_id": "acl-07fcc4acc44572d35",
            "default_route_table_id": "rtb-04a811980833aa8d6",
            "default_security_group_id": "sg-0f9fedb4aa6ea569a",
            "dhcp_options_id": "dopt-03e1e7e9238fe30ad",
            "enable_classiclink": false,
            "enable_classiclink_dns_support": false,
            "enable_dns_hostnames": true,
            "enable_dns_support": true,
            "enable_network_address_usage_metrics": false,
            "id": "vpc-0001b65e1baefc8bd",
            "instance_tenancy": "default",
            "ipv4_ipam_pool_id": null,
            "ipv4_netmask_length": null,
            "ipv6_association_id": "",
            "ipv6_cidr_block": "",
            "ipv6_cidr_block_network_border_group": "",
            "ipv6_ipam_pool_id": "",
            "ipv6_netmask_length": 0,
            "main_route_table_id": "rtb-04a811980833aa8d6",
            "owner_id": "481450237232",
            "tags": {
              "Name": "terraform-vpc"
            },
            "tags_all": {
              "Name": "terraform-vpc"
            }
          },
          "sensitive_attributes": [],
          "private": "eyJzY2hlbWFfdmVyc2lvbiI6IjEifQ=="
        }
      ]
    },
    {
      "module": "module.modues",
      "mode": "managed",
      "type": "null_resource",
      "name": "configure_nfs",
      "provider": "provider[\"registry.terraform.io/hashicorp/null\"]",
      "instances": []
    },
    {
      "module": "module.modues",
      "mode": "managed",
      "type": "tls_private_key",
      "name": "my_key",
      "provider": "provider[\"registry.terraform.io/hashicorp/tls\"]",
      "instances": [
        {
          "schema_version": 1,
          "attributes": {
            "algorithm": "RSA",
            "ecdsa_curve": "P224",
            "id": "8cefd58f828ba07f13ea27474af30117f03a5aac",
            "private_key_openssh": "-----BEGIN OPENSSH PRIVATE KEY-----\nb3BlbnNzaC1rZXktdjEAAAAABG5vbmUAAAAEbm9uZQAAAAAAAAABAAABFwAAAAdz\nc2gtcnNhAAAAAwEAAQAAAQEA0Ljmnvom4ov5VigU2V5LvYE9HmFDhx4xVohCbZjL\nLiEkMKDNtUC5tmV1T8Cpjr6D1L0D5jZueKpluPF0zuC7dA12nb/6vXD2Bwsaeldp\njzT1qSBb7Nq5teEZXuzOme6Lbv4/LF/DmG7/m9qxKdL8FulVWwV8hEYpuZrqo1/+\nFjxTnkhWhXpFGZufHAxlpZNDoa964k7YW8dutMmpTshmjhtW24OU1+TMN9Hr0kk1\npzY0U8/LNItoZZfDdrrmLc+2lZmOHaCO8xYRW4iEYxVS277Hhy9OMqwehzov7DdF\n2UCs6+qPrw4R9Jm1yrl7mwIdMB6jAgdcfuWBqlSUqiHRmQAAA7hIH6EASB+hAAAA\nAAdzc2gtcnNhAAABAQDQuOae+ibii/lWKBTZXku9gT0eYUOHHjFWiEJtmMsuISQw\noM21QLm2ZXVPwKmOvoPUvQPmNm54qmW48XTO4Lt0DXadv/q9cPYHCxp6V2mPNPWp\nIFvs2rm14Rle7M6Z7otu/j8sX8OYbv+b2rEp0vwW6VVbBXyERim5muqjX/4WPFOe\nSFaFekUZm58cDGWlk0Ohr3riTthbx260yalOyGaOG1bbg5TX5Mw30evSSTWnNjRT\nz8s0i2hll8N2uuYtz7aVmY4doI7zFhFbiIRjFVLbvseHL04yrB6HOi/sN0XZQKzr\n6o+vDhH0mbXKuXubAh0wHqMCB1x+5YGqVJSqIdGZAAAAAwEAAQAAAQAwbMWs2rLM\n2tbVY2U67UK7S9HHS5+kKKAfyGtJDCsPn8bKtXQkekjcBXwLLdLo+FCTueq+raBB\nxJ7nIrYMDV3QVhNQFCtzalLaXXweKEuoWwwn2gcZ08FEbl45hM2GLy8QaFJ11B4I\nLrCFE18JKhcspaQVAxfZhIHHuyZ3Ex1bQOZMBY7zDJMcoTeLvdlEo2UXmYCV77Tc\n/7n4MFij7K3kp8+Bi6DwbhfpPduL8hBfE3tmw55IpgfDz+bO7boZw7EbQQKetFMf\noGJdMJZoaV0ACDzIlLV3k36unFlgP/RCf0IgjEwVqZRCnppyepK/QKIhdt1cUoem\nTDydRWleC8+FAAAAgQDKARFyMpzfbDf297YpLueMa0k4W86yK/XwSVpcAmgY4nAw\nKShb2QGW3M/fNEtAyvA92YRBeV1nxmL6xLdC28ZDkK7jD79Ejmq2nzupP7gBvT80\ncKVWN/L67NHSM57CuzWspEZtJe9pMpeLfLHUbV2TxaSeZUoTV9gq9J4F1TNpZAAA\nAIEA99nGkWbVY0JhJsOTylk8MAofrrNDSQSwo1nXXPPge6WiZeX5/UXQd3QTyizW\n4zwohVLoudrH4/1OgCLLAyLUgJJJD+yU21j7ExxBoddhklhZOs1CEFK2lIq4ApOc\ntVUeMvoSYk+yLxxomhPBMBrvNDh1JsoMAgLPXwEAmP0YTGcAAACBANeVxWLZ7NsV\n+QX+CQfRija2lNy+WmRg09X7BfMMpOlAojjHJoR+aewnRH2lA++ivASp8QAjoP7L\nhspK66TBk82PTvrSFqGjX7QOO5gpagSLDaYrXPw1GjAYGmWR9dxS2Gba9NbZnWpT\nM7vP8C0HbvdG4NApo5Fs4oy02AWEgjH/AAAAAAEC\n-----END OPENSSH PRIVATE KEY-----\n",
            "private_key_pem": "-----BEGIN RSA PRIVATE KEY-----\nMIIEowIBAAKCAQEA0Ljmnvom4ov5VigU2V5LvYE9HmFDhx4xVohCbZjLLiEkMKDN\ntUC5tmV1T8Cpjr6D1L0D5jZueKpluPF0zuC7dA12nb/6vXD2BwsaeldpjzT1qSBb\n7Nq5teEZXuzOme6Lbv4/LF/DmG7/m9qxKdL8FulVWwV8hEYpuZrqo1/+FjxTnkhW\nhXpFGZufHAxlpZNDoa964k7YW8dutMmpTshmjhtW24OU1+TMN9Hr0kk1pzY0U8/L\nNItoZZfDdrrmLc+2lZmOHaCO8xYRW4iEYxVS277Hhy9OMqwehzov7DdF2UCs6+qP\nrw4R9Jm1yrl7mwIdMB6jAgdcfuWBqlSUqiHRmQIDAQABAoIBADBsxazassza1tVj\nZTrtQrtL0cdLn6QooB/Ia0kMKw+fxsq1dCR6SNwFfAst0uj4UJO56r6toEHEnuci\ntgwNXdBWE1AUK3NqUtpdfB4oS6hbDCfaBxnTwURuXjmEzYYvLxBoUnXUHggusIUT\nXwkqFyylpBUDF9mEgce7JncTHVtA5kwFjvMMkxyhN4u92USjZReZgJXvtNz/ufgw\nWKPsreSnz4GLoPBuF+k924vyEF8Te2bDnkimB8PP5s7tuhnDsRtBAp60Ux+gYl0w\nlmhpXQAIPMiUtXeTfq6cWWA/9EJ/QiCMTBWplEKemnJ6kr9AoiF23VxSh6ZMPJ1F\naV4Lz4UCgYEA99nGkWbVY0JhJsOTylk8MAofrrNDSQSwo1nXXPPge6WiZeX5/UXQ\nd3QTyizW4zwohVLoudrH4/1OgCLLAyLUgJJJD+yU21j7ExxBoddhklhZOs1CEFK2\nlIq4ApOctVUeMvoSYk+yLxxomhPBMBrvNDh1JsoMAgLPXwEAmP0YTGcCgYEA15XF\nYtns2xX5Bf4JB9GKNraU3L5aZGDT1fsF8wyk6UCiOMcmhH5p7CdEfaUD76K8BKnx\nACOg/suGykrrpMGTzY9O+tIWoaNftA47mClqBIsNpitc/DUaMBgaZZH13FLYZtr0\n1tmdalMzu8/wLQdu90bg0CmjkWzijLTYBYSCMf8CgYBj4OS+L3yKdXOFFYd3IaK5\nkTrXQfI5eKReD5RUJwstiL/65ERrpjiuCp72+D7Yb6O8pn6Wdu3amHeL93lsGBse\nfNToj+QkyKTVPKvONmdhfCzpH1IiFdLx5Tzl/OpHwLdcv52s9ITPq1kTziYp5pDC\nsIW1TfKs1MkQdezxufySvQKBgGSwVeVqZR6aL5ml4W/eZRBSzEohObSiKK5LNKck\n46zxfBLKqOm+5Rff6zRHqwP0XJ5NBPuMqHf4dPbscQydQLwET94D24AY/uzorNrP\nlO2USIawwBgncRi/WSzRNCR4KQw4/ZuPPd9YBtSUNNfDHget+fgfSn70fQc8u5ww\nHGLfAoGBAMoBEXIynN9sN/b3tiku54xrSThbzrIr9fBJWlwCaBjicDApKFvZAZbc\nz980S0DK8D3ZhEF5XWfGYvrEt0LbxkOQruMPv0SOarafO6k/uAG9PzRwpVY38vrs\n0dIznsK7NaykRm0l72kyl4t8sdRtXZPFpJ5lShNX2Cr0ngXVM2lk\n-----END RSA PRIVATE KEY-----\n",
            "private_key_pem_pkcs8": "-----BEGIN PRIVATE KEY-----\nMIIEvQIBADANBgkqhkiG9w0BAQEFAASCBKcwggSjAgEAAoIBAQDQuOae+ibii/lW\nKBTZXku9gT0eYUOHHjFWiEJtmMsuISQwoM21QLm2ZXVPwKmOvoPUvQPmNm54qmW4\n8XTO4Lt0DXadv/q9cPYHCxp6V2mPNPWpIFvs2rm14Rle7M6Z7otu/j8sX8OYbv+b\n2rEp0vwW6VVbBXyERim5muqjX/4WPFOeSFaFekUZm58cDGWlk0Ohr3riTthbx260\nyalOyGaOG1bbg5TX5Mw30evSSTWnNjRTz8s0i2hll8N2uuYtz7aVmY4doI7zFhFb\niIRjFVLbvseHL04yrB6HOi/sN0XZQKzr6o+vDhH0mbXKuXubAh0wHqMCB1x+5YGq\nVJSqIdGZAgMBAAECggEAMGzFrNqyzNrW1WNlOu1Cu0vRx0ufpCigH8hrSQwrD5/G\nyrV0JHpI3AV8Cy3S6PhQk7nqvq2gQcSe5yK2DA1d0FYTUBQrc2pS2l18HihLqFsM\nJ9oHGdPBRG5eOYTNhi8vEGhSddQeCC6whRNfCSoXLKWkFQMX2YSBx7smdxMdW0Dm\nTAWO8wyTHKE3i73ZRKNlF5mAle+03P+5+DBYo+yt5KfPgYug8G4X6T3bi/IQXxN7\nZsOeSKYHw8/mzu26GcOxG0ECnrRTH6BiXTCWaGldAAg8yJS1d5N+rpxZYD/0Qn9C\nIIxMFamUQp6acnqSv0CiIXbdXFKHpkw8nUVpXgvPhQKBgQD32caRZtVjQmEmw5PK\nWTwwCh+us0NJBLCjWddc8+B7paJl5fn9RdB3dBPKLNbjPCiFUui52sfj/U6AIssD\nItSAkkkP7JTbWPsTHEGh12GSWFk6zUIQUraUirgCk5y1VR4y+hJiT7IvHGiaE8Ew\nGu80OHUmygwCAs9fAQCY/RhMZwKBgQDXlcVi2ezbFfkF/gkH0Yo2tpTcvlpkYNPV\n+wXzDKTpQKI4xyaEfmnsJ0R9pQPvorwEqfEAI6D+y4bKSuukwZPNj0760haho1+0\nDjuYKWoEiw2mK1z8NRowGBplkfXcUthm2vTW2Z1qUzO7z/AtB273RuDQKaORbOKM\ntNgFhIIx/wKBgGPg5L4vfIp1c4UVh3chormROtdB8jl4pF4PlFQnCy2Iv/rkRGum\nOK4Knvb4Pthvo7ymfpZ27dqYd4v3eWwYGx581OiP5CTIpNU8q842Z2F8LOkfUiIV\n0vHlPOX86kfAt1y/naz0hM+rWRPOJinmkMKwhbVN8qzUyRB17PG5/JK9AoGAZLBV\n5WplHpovmaXhb95lEFLMSiE5tKIorks0pyTjrPF8Esqo6b7lF9/rNEerA/Rcnk0E\n+4yod/h09uxxDJ1AvARP3gPbgBj+7Ois2s+U7ZRIhrDAGCdxGL9ZLNE0JHgpDDj9\nm48931gG1JQ018MeB635+B9KfvR9Bzy7nDAcYt8CgYEAygERcjKc32w39ve2KS7n\njGtJOFvOsiv18ElaXAJoGOJwMCkoW9kBltzP3zRLQMrwPdmEQXldZ8Zi+sS3QtvG\nQ5Cu4w+/RI5qtp87qT+4Ab0/NHClVjfy+uzR0jOewrs1rKRGbSXvaTKXi3yx1G1d\nk8WknmVKE1fYKvSeBdUzaWQ=\n-----END PRIVATE KEY-----\n",
            "public_key_fingerprint_md5": "56:bc:a9:f1:23:92:46:41:e7:64:b4:5a:76:49:26:38",
            "public_key_fingerprint_sha256": "SHA256:yeX9vZjnCmA13QZ3Q65StAE1ceRPf3a/PSGyBz4p9FA",
            "public_key_openssh": "ssh-rsa AAAAB3NzaC1yc2EAAAADAQABAAABAQDQuOae+ibii/lWKBTZXku9gT0eYUOHHjFWiEJtmMsuISQwoM21QLm2ZXVPwKmOvoPUvQPmNm54qmW48XTO4Lt0DXadv/q9cPYHCxp6V2mPNPWpIFvs2rm14Rle7M6Z7otu/j8sX8OYbv+b2rEp0vwW6VVbBXyERim5muqjX/4WPFOeSFaFekUZm58cDGWlk0Ohr3riTthbx260yalOyGaOG1bbg5TX5Mw30evSSTWnNjRTz8s0i2hll8N2uuYtz7aVmY4doI7zFhFbiIRjFVLbvseHL04yrB6HOi/sN0XZQKzr6o+vDhH0mbXKuXubAh0wHqMCB1x+5YGqVJSqIdGZ\n",
            "public_key_pem": "-----BEGIN PUBLIC KEY-----\nMIIBIjANBgkqhkiG9w0BAQEFAAOCAQ8AMIIBCgKCAQEA0Ljmnvom4ov5VigU2V5L\nvYE9HmFDhx4xVohCbZjLLiEkMKDNtUC5tmV1T8Cpjr6D1L0D5jZueKpluPF0zuC7\ndA12nb/6vXD2BwsaeldpjzT1qSBb7Nq5teEZXuzOme6Lbv4/LF/DmG7/m9qxKdL8\nFulVWwV8hEYpuZrqo1/+FjxTnkhWhXpFGZufHAxlpZNDoa964k7YW8dutMmpTshm\njhtW24OU1+TMN9Hr0kk1pzY0U8/LNItoZZfDdrrmLc+2lZmOHaCO8xYRW4iEYxVS\n277Hhy9OMqwehzov7DdF2UCs6+qPrw4R9Jm1yrl7mwIdMB6jAgdcfuWBqlSUqiHR\nmQIDAQAB\n-----END PUBLIC KEY-----\n",
            "rsa_bits": 2048
          },
          "sensitive_attributes": []
        }
      ]
    }
  ],
  "check_results": null
}
